# THIS IS AN AUTOGENERATED FILE. DO NOT EDIT THIS FILE DIRECTLY.
# yarn lockfile v1


govuk-frontend@^2.11.0:
  version "2.13.0"
  resolved "https://registry.yarnpkg.com/govuk-frontend/-/govuk-frontend-2.13.0.tgz#0273f7c92070abd6450c73a006ebb3ddc793463a"
  integrity sha512-6XDtTt5plSrPQvPgLFN4LCtb9ULuqoXCgkHy5c7XE/70/sVm47RPbLR11tYGPcmV8cOApBhW0wL8y8ryspHfpw==
